// !$*UTF8*$!
{
	archiveVersion = 1;
	classes = {
	};
	objectVersion = 46;
	objects = {

/* Begin PBXBuildFile section */
		458870CF1EE5045500DDC705 /* AppDelegate.swift in Sources */ = {isa = PBXBuildFile; fileRef = 458870CE1EE5045500DDC705 /* AppDelegate.swift */; };
		458870D11EE5045500DDC705 /* ViewController.swift in Sources */ = {isa = PBXBuildFile; fileRef = 458870D01EE5045500DDC705 /* ViewController.swift */; };
		458870D41EE5045500DDC705 /* Main.storyboard in Resources */ = {isa = PBXBuildFile; fileRef = 458870D21EE5045500DDC705 /* Main.storyboard */; };
		458870D71EE5045500DDC705 /* vcuFSAE.xcdatamodeld in Sources */ = {isa = PBXBuildFile; fileRef = 458870D51EE5045500DDC705 /* vcuFSAE.xcdatamodeld */; };
		458870D91EE5045500DDC705 /* Assets.xcassets in Resources */ = {isa = PBXBuildFile; fileRef = 458870D81EE5045500DDC705 /* Assets.xcassets */; };
		458870DC1EE5045500DDC705 /* LaunchScreen.storyboard in Resources */ = {isa = PBXBuildFile; fileRef = 458870DA1EE5045500DDC705 /* LaunchScreen.storyboard */; };
		458870E61EE50E4D00DDC705 /* Scrollview.swift in Sources */ = {isa = PBXBuildFile; fileRef = 458870E51EE50E4D00DDC705 /* Scrollview.swift */; };
/* End PBXBuildFile section */

/* Begin PBXFileReference section */
		458870CB1EE5045500DDC705 /* vcuFSAE.app */ = {isa = PBXFileReference; explicitFileType = wrapper.application; includeInIndex = 0; path = vcuFSAE.app; sourceTree = BUILT_PRODUCTS_DIR; };
		458870CE1EE5045500DDC705 /* AppDelegate.swift */ = {isa = PBXFileReference; lastKnownFileType = sourcecode.swift; path = AppDelegate.swift; sourceTree = "<group>"; };
		458870D01EE5045500DDC705 /* ViewController.swift */ = {isa = PBXFileReference; lastKnownFileType = sourcecode.swift; path = ViewController.swift; sourceTree = "<group>"; };
		458870D31EE5045500DDC705 /* Base */ = {isa = PBXFileReference; lastKnownFileType = file.storyboard; name = Base; path = Base.lproj/Main.storyboard; sourceTree = "<group>"; };
		458870D61EE5045500DDC705 /* vcuFSAE.xcdatamodel */ = {isa = PBXFileReference; lastKnownFileType = wrapper.xcdatamodel; path = vcuFSAE.xcdatamodel; sourceTree = "<group>"; };
		458870D81EE5045500DDC705 /* Assets.xcassets */ = {isa = PBXFileReference; lastKnownFileType = folder.assetcatalog; path = Assets.xcassets; sourceTree = "<group>"; };
		458870DB1EE5045500DDC705 /* Base */ = {isa = PBXFileReference; lastKnownFileType = file.storyboard; name = Base; path = Base.lproj/LaunchScreen.storyboard; sourceTree = "<group>"; };
		458870DD1EE5045500DDC705 /* Info.plist */ = {isa = PBXFileReference; lastKnownFileType = text.plist.xml; path = Info.plist; sourceTree = "<group>"; };
		458870E51EE50E4D00DDC705 /* Scrollview.swift */ = {isa = PBXFileReference; fileEncoding = 4; lastKnownFileType = sourcecode.swift; name = Scrollview.swift; path = ../Scrollview.swift; sourceTree = "<group>"; };
/* End PBXFileReference section */

/* Begin PBXFrameworksBuildPhase section */
		458870C81EE5045500DDC705 /* Frameworks */ = {
			isa = PBXFrameworksBuildPhase;
			buildActionMask = 2147483647;
			files = (
			);
			runOnlyForDeploymentPostprocessing = 0;
		};
/* End PBXFrameworksBuildPhase section */

/* Begin PBXGroup section */
		458870C21EE5045500DDC705 = {
			isa = PBXGroup;
			children = (
				458870CD1EE5045500DDC705 /* vcuFSAE */,
				458870CC1EE5045500DDC705 /* Products */,
			);
			sourceTree = "<group>";
		};
		458870CC1EE5045500DDC705 /* Products */ = {
			isa = PBXGroup;
			children = (
				458870CB1EE5045500DDC705 /* vcuFSAE.app */,
			);
			name = Products;
			sourceTree = "<group>";
		};
		458870CD1EE5045500DDC705 /* vcuFSAE */ = {
			isa = PBXGroup;
			children = (
				458870E51EE50E4D00DDC705 /* Scrollview.swift */,
				458870CE1EE5045500DDC705 /* AppDelegate.swift */,
				458870D01EE5045500DDC705 /* ViewController.swift */,
				458870D21EE5045500DDC705 /* Main.storyboard */,
				458870D81EE5045500DDC705 /* Assets.xcassets */,
				458870DA1EE5045500DDC705 /* LaunchScreen.storyboard */,
				458870DD1EE5045500DDC705 /* Info.plist */,
				458870D51EE5045500DDC705 /* vcuFSAE.xcdatamodeld */,
			);
			path = vcuFSAE;
			sourceTree = "<group>";
		};
/* End PBXGroup section */

/* Begin PBXNativeTarget section */
		458870CA1EE5045500DDC705 /* vcuFSAE */ = {
			isa = PBXNativeTarget;
			buildConfigurationList = 458870E01EE5045500DDC705 /* Build configuration list for PBXNativeTarget "vcuFSAE" */;
			buildPhases = (
				458870C71EE5045500DDC705 /* Sources */,
				458870C81EE5045500DDC705 /* Frameworks */,
				458870C91EE5045500DDC705 /* Resources */,
			);
			buildRules = (
			);
			dependencies = (
			);
			name = vcuFSAE;
			productName = vcuFSAE;
			productReference = 458870CB1EE5045500DDC705 /* vcuFSAE.app */;
			productType = "com.apple.product-type.application";
		};
/* End PBXNativeTarget section */

/* Begin PBXProject section */
		458870C31EE5045500DDC705 /* Project object */ = {
			isa = PBXProject;
			attributes = {
				LastSwiftUpdateCheck = 0830;
				LastUpgradeCheck = 0830;
				ORGANIZATIONNAME = "FSAE@vcu";
				TargetAttributes = {
					458870CA1EE5045500DDC705 = {
						CreatedOnToolsVersion = 8.3.2;
						DevelopmentTeam = 8B4QBLLSCD;
						ProvisioningStyle = Automatic;
					};
				};
			};
			buildConfigurationList = 458870C61EE5045500DDC705 /* Build configuration list for PBXProject "vcuFSAE" */;
			compatibilityVersion = "Xcode 3.2";
			developmentRegion = English;
			hasScannedForEncodings = 0;
			knownRegions = (
				en,
				Base,
			);
			mainGroup = 458870C21EE5045500DDC705;
			productRefGroup = 458870CC1EE5045500DDC705 /* Products */;
			projectDirPath = "";
			projectRoot = "";
			targets = (
				458870CA1EE5045500DDC705 /* vcuFSAE */,
			);
		};
/* End PBXProject section */

/* Begin PBXResourcesBuildPhase section */
		458870C91EE5045500DDC705 /* Resources */ = {
			isa = PBXResourcesBuildPhase;
			buildActionMask = 2147483647;
			files = (
				458870DC1EE5045500DDC705 /* LaunchScreen.storyboard in Resources */,
				458870D91EE5045500DDC705 /* Assets.xcassets in Resources */,
				458870D41EE5045500DDC705 /* Main.storyboard in Resources */,
			);
			runOnlyForDeploymentPostprocessing = 0;
		};
/* End PBXResourcesBuildPhase section */

/* Begin PBXSourcesBuildPhase section */
		458870C71EE5045500DDC705 /* Sources */ = {
			isa = PBXSourcesBuildPhase;
			buildActionMask = 2147483647;
			files = (
				458870D71EE5045500DDC705 /* vcuFSAE.xcdatamodeld in Sources */,
				458870E61EE50E4D00DDC705 /* Scrollview.swift in Sources */,
				458870D11EE5045500DDC705 /* ViewController.swift in Sources */,
				458870CF1EE5045500DDC705 /* AppDelegate.swift in Sources */,
			);
			runOnlyForDeploymentPostprocessing = 0;
		};
/* End PBXSourcesBuildPhase section */

/* Begin PBXVariantGroup section */
		458870D21EE5045500DDC705 /* Main.storyboard */ = {
			isa = PBXVariantGroup;
			children = (
				458870D31EE5045500DDC705 /* Base */,
			);
			name = Main.storyboard;
			sourceTree = "<group>";
		};
		458870DA1EE5045500DDC705 /* LaunchScreen.storyboard */ = {
			isa = PBXVariantGroup;
			children = (
				458870DB1EE5045500DDC705 /* Base */,
			);
			name = LaunchScreen.storyboard;
			sourceTree = "<group>";
		};
/* End PBXVariantGroup section */

/* Begin XCBuildConfiguration section */
		458870DE1EE5045500DDC705 /* Debug */ = {
			isa = XCBuildConfiguration;
			buildSettings = {
				ALWAYS_SEARCH_USER_PATHS = NO;
				CLANG_ANALYZER_NONNULL = YES;
				CLANG_ANALYZER_NUMBER_OBJECT_CONVERSION = YES_AGGRESSIVE;
				CLANG_CXX_LANGUAGE_STANDARD = "gnu++0x";
				CLANG_CXX_LIBRARY = "libc++";
				CLANG_ENABLE_MODULES = YES;
				CLANG_ENABLE_OBJC_ARC = YES;
				CLANG_WARN_BOOL_CONVERSION = YES;
				CLANG_WARN_CONSTANT_CONVERSION = YES;
				CLANG_WARN_DIRECT_OBJC_ISA_USAGE = YES_ERROR;
				CLANG_WARN_DOCUMENTATION_COMMENTS = YES;
				CLANG_WARN_EMPTY_BODY = YES;
				CLANG_WARN_ENUM_CONVERSION = YES;
				CLANG_WARN_INFINITE_RECURSION = YES;
				CLANG_WARN_INT_CONVERSION = YES;
				CLANG_WARN_OBJC_ROOT_CLASS = YES_ERROR;
				CLANG_WARN_SUSPICIOUS_MOVE = YES;
				CLANG_WARN_UNREACHABLE_CODE = YES;
				CLANG_WARN__DUPLICATE_METHOD_MATCH = YES;
				"CODE_SIGN_IDENTITY[sdk=iphoneos*]" = "iPhone Developer";
				COPY_PHASE_STRIP = NO;
				DEBUG_INFORMATION_FORMAT = dwarf;
				ENABLE_STRICT_OBJC_MSGSEND = YES;
				ENABLE_TESTABILITY = YES;
				GCC_C_LANGUAGE_STANDARD = gnu99;
				GCC_DYNAMIC_NO_PIC = NO;
				GCC_NO_COMMON_BLOCKS = YES;
				GCC_OPTIMIZATION_LEVEL = 0;
				GCC_PREPROCESSOR_DEFINITIONS = (
					"DEBUG=1",
					"$(inherited)",
				);
				GCC_WARN_64_TO_32_BIT_CONVERSION = YES;
				GCC_WARN_ABOUT_RETURN_TYPE = YES_ERROR;
				GCC_WARN_UNDECLARED_SELECTOR = YES;
				GCC_WARN_UNINITIALIZED_AUTOS = YES_AGGRESSIVE;
				GCC_WARN_UNUSED_FUNCTION = YES;
				GCC_WARN_UNUSED_VARIABLE = YES;
				IPHONEOS_DEPLOYMENT_TARGET = 10.3;
				MTL_ENABLE_DEBUG_INFO = YES;
				ONLY_ACTIVE_ARCH = YES;
				SDKROOT = iphoneos;
				SWIFT_ACTIVE_COMPILATION_CONDITIONS = DEBUG;
				SWIFT_OPTIMIZATION_LEVEL = "-Onone";
			};
			name = Debug;
		};
		458870DF1EE5045500DDC705 /* Release */ = {
			isa = XCBuildConfiguration;
			buildSettings = {
				ALWAYS_SEARCH_USER_PATHS = NO;
				CLANG_ANALYZER_NONNULL = YES;
				CLANG_ANALYZER_NUMBER_OBJECT_CONVERSION = YES_AGGRESSIVE;
				CLANG_CXX_LANGUAGE_STANDARD = "gnu++0x";
				CLANG_CXX_LIBRARY = "libc++";
				CLANG_ENABLE_MODULES = YES;
				CLANG_ENABLE_OBJC_ARC = YES;
				CLANG_WARN_BOOL_CONVERSION = YES;
				CLANG_WARN_CONSTANT_CONVERSION = YES;
				CLANG_WARN_DIRECT_OBJC_ISA_USAGE = YES_ERROR;
				CLANG_WARN_DOCUMENTATION_COMMENTS = YES;
				CLANG_WARN_EMPTY_BODY = YES;
				CLANG_WARN_ENUM_CONVERSION = YES;
				CLANG_WARN_INFINITE_RECURSION = YES;
				CLANG_WARN_INT_CONVERSION = YES;
				CLANG_WARN_OBJC_ROOT_CLASS = YES_ERROR;
				CLANG_WARN_SUSPICIOUS_MOVE = YES;
				CLANG_WARN_UNREACHABLE_CODE = YES;
				CLANG_WARN__DUPLICATE_METHOD_MATCH = YES;
				"CODE_SIGN_IDENTITY[sdk=iphoneos*]" = "iPhone Developer";
				COPY_PHASE_STRIP = NO;
				DEBUG_INFORMATION_FORMAT = "dwarf-with-dsym";
				ENABLE_NS_ASSERTIONS = NO;
				ENABLE_STRICT_OBJC_MSGSEND = YES;
				GCC_C_LANGUAGE_STANDARD = gnu99;
				GCC_NO_COMMON_BLOCKS = YES;
				GCC_WARN_64_TO_32_BIT_CONVERSION = YES;
				GCC_WARN_ABOUT_RETURN_TYPE = YES_ERROR;
				GCC_WARN_UNDECLARED_SELECTOR = YES;
				GCC_WARN_UNINITIALIZED_AUTOS = YES_AGGRESSIVE;
				GCC_WARN_UNUSED_FUNCTION = YES;
				GCC_WARN_UNUSED_VARIABLE = YES;
				IPHONEOS_DEPLOYMENT_TARGET = 10.3;
				MTL_ENABLE_DEBUG_INFO = NO;
				SDKROOT = iphoneos;
				SWIFT_OPTIMIZATION_LEVEL = "-Owholemodule";
				VALIDATE_PRODUCT = YES;
			};
			name = Release;
		};
		458870E11EE5045500DDC705 /* Debug */ = {
			isa = XCBuildConfiguration;
			buildSettings = {
				ASSETCATALOG_COMPILER_APPICON_NAME = AppIcon;
				"CODE_SIGN_IDENTITY[sdk=iphoneos*]" = "iPhone Developer";
				DEVELOPMENT_TEAM = 8B4QBLLSCD;
				INFOPLIST_FILE = vcuFSAE/Info.plist;
				LD_RUNPATH_SEARCH_PATHS = "$(inherited) @executable_path/Frameworks";
				PRODUCT_BUNDLE_IDENTIFIER = fsaeVCU.vcuFSAE;
				PRODUCT_NAME = "$(TARGET_NAME)";
				PROVISIONING_PROFILE_SPECIFIER = "";
				SWIFT_VERSION = 3.0;
			};
			name = Debug;
		};
		458870E21EE5045500DDC705 /* Release */ = {
			isa = XCBuildConfiguration;
			buildSettings = {
				ASSETCATALOG_COMPILER_APPICON_NAME = AppIcon;
				"CODE_SIGN_IDENTITY[sdk=iphoneos*]" = "iPhone Developer";
				DEVELOPMENT_TEAM = 8B4QBLLSCD;
				INFOPLIST_FILE = vcuFSAE/Info.plist;
				LD_RUNPATH_SEARCH_PATHS = "$(inherited) @executable_path/Frameworks";
				PRODUCT_BUNDLE_IDENTIFIER = fsaeVCU.vcuFSAE;
				PRODUCT_NAME = "$(TARGET_NAME)";
				PROVISIONING_PROFILE_SPECIFIER = "";
				SWIFT_VERSION = 3.0;
			};
			name = Release;
		};
/* End XCBuildConfiguration section */

/* Begin XCConfigurationList section */
		458870C61EE5045500DDC705 /* Build configuration list for PBXProject "vcuFSAE" */ = {
			isa = XCConfigurationList;
			buildConfigurations = (
				458870DE1EE5045500DDC705 /* Debug */,
				458870DF1EE5045500DDC705 /* Release */,
			);
			defaultConfigurationIsVisible = 0;
			defaultConfigurationName = Release;
		};
		458870E01EE5045500DDC705 /* Build configuration list for PBXNativeTarget "vcuFSAE" */ = {
			isa = XCConfigurationList;
			buildConfigurations = (
				458870E11EE5045500DDC705 /* Debug */,
				458870E21EE5045500DDC705 /* Release */,
			);
			defaultConfigurationIsVisible = 0;
		};
/* End XCConfigurationList section */

/* Begin XCVersionGroup section */
		458870D51EE5045500DDC705 /* vcuFSAE.xcdatamodeld */ = {
			isa = XCVersionGroup;
			children = (
				458870D61EE5045500DDC705 /* vcuFSAE.xcdatamodel */,
			);
			currentVersion = 458870D61EE5045500DDC705 /* vcuFSAE.xcdatamodel */;
			path = vcuFSAE.xcdatamodeld;
			sourceTree = "<group>";
			versionGroupType = wrapper.xcdatamodel;
		};
/* End XCVersionGroup section */
	};
	rootObject = 458870C31EE5045500DDC705 /* Project object */;
}
